
Microsoft Visual Studio Solution File, Format Version 12.00
# Visual Studio Version 17
VisualStudioVersion = 17.9.34902.65
MinimumVisualStudioVersion = 10.0.40219.1
Project("{2150E333-8FDC-42A3-9474-1A3956D46DE8}") = "Services", "Services", "{F1CD53D0-8298-4480-9893-E19F794B9F57}"
EndProject
Project("{2150E333-8FDC-42A3-9474-1A3956D46DE8}") = "Catalog", "Catalog", "{98B50EED-C8BC-4F48-BBDC-B8C95C25489C}"
EndProject
Project("{9A19103F-16F7-4668-BE54-9A1E7A4F7556}") = "MultiShop.Catalog", "Services\Catalog\MultiShop.Catalog\MultiShop.Catalog.csproj", "{7177FC9D-B65B-41AE-93D6-FD47F63E29D0}"
EndProject
Project("{2150E333-8FDC-42A3-9474-1A3956D46DE8}") = "Discount", "Discount", "{6892005B-633B-48D1-BF1D-E62B6F5BBA41}"
EndProject
Project("{9A19103F-16F7-4668-BE54-9A1E7A4F7556}") = "MultiShop.Discount", "Services\Discount\MultiShop.Discount\MultiShop.Discount.csproj", "{01658530-B281-4339-B700-A903084A3EE4}"
EndProject
Project("{2150E333-8FDC-42A3-9474-1A3956D46DE8}") = "Order", "Order", "{651B5D78-35A1-4522-94A2-5CB121E5B141}"
EndProject
Project("{2150E333-8FDC-42A3-9474-1A3956D46DE8}") = "Core", "Core", "{B362C0DB-B4CA-4499-8C2F-15EBAF02AE30}"
EndProject
Project("{2150E333-8FDC-42A3-9474-1A3956D46DE8}") = "Infrastructure", "Infrastructure", "{67855117-0A0E-4F35-B5C3-234ADC7F2A75}"
EndProject
Project("{2150E333-8FDC-42A3-9474-1A3956D46DE8}") = "Presentation", "Presentation", "{E0BAE6A6-6EAE-4DD7-9046-00FF72B12A36}"
EndProject
Project("{9A19103F-16F7-4668-BE54-9A1E7A4F7556}") = "MultiShop.Order.Domain", "Services\Order\Core\MultiShop.Order.Domain\MultiShop.Order.Domain.csproj", "{F617B7F6-4C74-4C92-A254-744AE722AB66}"
EndProject
Project("{9A19103F-16F7-4668-BE54-9A1E7A4F7556}") = "MultiShop.Order.Application", "Services\Order\Core\MultiShop.Order.Application\MultiShop.Order.Application.csproj", "{06E79CBD-FD3B-4CAE-825C-455700DF4628}"
EndProject
Project("{9A19103F-16F7-4668-BE54-9A1E7A4F7556}") = "MultiShop.Order.Persistence", "Services\Order\Infrastructure\MultiShop.Order.Persistence\MultiShop.Order.Persistence.csproj", "{59A88AA8-806F-4D08-91EC-08C137D04305}"
EndProject
Project("{9A19103F-16F7-4668-BE54-9A1E7A4F7556}") = "MultiShop.Order.WebApi", "Services\Order\Presentation\MultiShop.Order.WebApi\MultiShop.Order.WebApi.csproj", "{4268D205-73A3-4D81-823A-74730A816C3B}"
EndProject
Project("{2150E333-8FDC-42A3-9474-1A3956D46DE8}") = "IdentityServer", "IdentityServer", "{194DDDFC-FCC7-4FA0-9D5E-793A189A3B8D}"
EndProject
Project("{9A19103F-16F7-4668-BE54-9A1E7A4F7556}") = "MultiShop.IdentityServer", "IdentityServer\MultiShop.IdentityServer\MultiShop.IdentityServer.csproj", "{09ECFF04-D1FD-478A-A21D-F4C3D4D3E4A6}"
EndProject
Project("{2150E333-8FDC-42A3-9474-1A3956D46DE8}") = "Requirements", "Requirements", "{55CEB7B4-99F7-4F44-B21C-3AC2AE51CB30}"
	ProjectSection(SolutionItems) = preProject
		FontAwesomeLink.txt = FontAwesomeLink.txt
		IdentityServerVersionErrorSolution.txt = IdentityServerVersionErrorSolution.txt
		PortainerCmd.txt = PortainerCmd.txt
		PortNumber.txt = PortNumber.txt
		SimpleCode.txt = SimpleCode.txt
		UserExample.txt = UserExample.txt
	EndProjectSection
EndProject
Project("{2150E333-8FDC-42A3-9474-1A3956D46DE8}") = "Cargo", "Cargo", "{E83EE1B2-0064-48FC-B46C-69144719097D}"
EndProject
Project("{9A19103F-16F7-4668-BE54-9A1E7A4F7556}") = "MultiShop.Cargo.EntityLayer", "Services\Cargo\MultiShop.Cargo.EntityLayer\MultiShop.Cargo.EntityLayer.csproj", "{EF253730-EC70-4CB6-ACB4-8417849D7FD8}"
EndProject
Project("{9A19103F-16F7-4668-BE54-9A1E7A4F7556}") = "MultiShop.Cargo.BusinessLayer", "Services\Cargo\MultiShop.Cargo.BusinessLayer\MultiShop.Cargo.BusinessLayer.csproj", "{78A7D283-DF72-4A4F-9A19-79B64AC74CCA}"
EndProject
Project("{9A19103F-16F7-4668-BE54-9A1E7A4F7556}") = "MultiShop.Cargo.DataAccessLayer", "Services\Cargo\MultiShop.Cargo.DataAccessLayer\MultiShop.Cargo.DataAccessLayer.csproj", "{11AE0820-746C-4958-A565-3DD04A50476B}"
EndProject
Project("{9A19103F-16F7-4668-BE54-9A1E7A4F7556}") = "MultiShop.Cargo.DtoLayer", "Services\Cargo\MultiShop.Cargo.DtoLayer\MultiShop.Cargo.DtoLayer.csproj", "{FFCFF93B-85DD-467F-9947-A03FC036DA91}"
EndProject
Project("{9A19103F-16F7-4668-BE54-9A1E7A4F7556}") = "MultiShop.Cargo.WepApi", "Services\Cargo\MultiShop.Cargo.WepApi\MultiShop.Cargo.WepApi.csproj", "{BC656E88-05B1-400D-A9EF-B6BC3DCBAAC0}"
EndProject
Project("{2150E333-8FDC-42A3-9474-1A3956D46DE8}") = "Basket", "Basket", "{21CC9448-FEA8-4CC2-A74A-1A4D136BE4D1}"
EndProject
Project("{9A19103F-16F7-4668-BE54-9A1E7A4F7556}") = "MultiShop.Basket", "Services\Basket\MultiShop.Basket\MultiShop.Basket.csproj", "{80BDC272-D7BB-41A0-82C0-AD440A595959}"
EndProject
Project("{2150E333-8FDC-42A3-9474-1A3956D46DE8}") = "Frontends", "Frontends", "{5EF1F9F9-4CDB-4336-AE96-FE60F64DA1D1}"
EndProject
Project("{9A19103F-16F7-4668-BE54-9A1E7A4F7556}") = "MultiShop.WebUI", "Frontends\MultiShop.WebUI\MultiShop.WebUI.csproj", "{6BCA9BA6-CC93-4F6D-BE2B-CD65E3FAB32F}"
EndProject
Project("{9A19103F-16F7-4668-BE54-9A1E7A4F7556}") = "MultiShop.DtoLayer", "Frontends\MultiShop.DtoLayer\MultiShop.DtoLayer.csproj", "{55166C89-F85D-4B47-A3DF-D9F7299D79B6}"
EndProject
Project("{2150E333-8FDC-42A3-9474-1A3956D46DE8}") = "Comment", "Comment", "{CBFAF503-519D-4474-8456-F0A4904C6FA5}"
EndProject
Project("{9A19103F-16F7-4668-BE54-9A1E7A4F7556}") = "MultiShop.Comment", "Services\Comment\MultiShop.Comment\MultiShop.Comment.csproj", "{3C563BD0-B292-4340-A91E-F0F12717A141}"
EndProject
Global
	GlobalSection(SolutionConfigurationPlatforms) = preSolution
		Debug|Any CPU = Debug|Any CPU
		Release|Any CPU = Release|Any CPU
	EndGlobalSection
	GlobalSection(ProjectConfigurationPlatforms) = postSolution
		{7177FC9D-B65B-41AE-93D6-FD47F63E29D0}.Debug|Any CPU.ActiveCfg = Debug|Any CPU
		{7177FC9D-B65B-41AE-93D6-FD47F63E29D0}.Debug|Any CPU.Build.0 = Debug|Any CPU
		{7177FC9D-B65B-41AE-93D6-FD47F63E29D0}.Release|Any CPU.ActiveCfg = Release|Any CPU
		{7177FC9D-B65B-41AE-93D6-FD47F63E29D0}.Release|Any CPU.Build.0 = Release|Any CPU
		{01658530-B281-4339-B700-A903084A3EE4}.Debug|Any CPU.ActiveCfg = Debug|Any CPU
		{01658530-B281-4339-B700-A903084A3EE4}.Debug|Any CPU.Build.0 = Debug|Any CPU
		{01658530-B281-4339-B700-A903084A3EE4}.Release|Any CPU.ActiveCfg = Release|Any CPU
		{01658530-B281-4339-B700-A903084A3EE4}.Release|Any CPU.Build.0 = Release|Any CPU
		{F617B7F6-4C74-4C92-A254-744AE722AB66}.Debug|Any CPU.ActiveCfg = Debug|Any CPU
		{F617B7F6-4C74-4C92-A254-744AE722AB66}.Debug|Any CPU.Build.0 = Debug|Any CPU
		{F617B7F6-4C74-4C92-A254-744AE722AB66}.Release|Any CPU.ActiveCfg = Release|Any CPU
		{F617B7F6-4C74-4C92-A254-744AE722AB66}.Release|Any CPU.Build.0 = Release|Any CPU
		{06E79CBD-FD3B-4CAE-825C-455700DF4628}.Debug|Any CPU.ActiveCfg = Debug|Any CPU
		{06E79CBD-FD3B-4CAE-825C-455700DF4628}.Debug|Any CPU.Build.0 = Debug|Any CPU
		{06E79CBD-FD3B-4CAE-825C-455700DF4628}.Release|Any CPU.ActiveCfg = Release|Any CPU
		{06E79CBD-FD3B-4CAE-825C-455700DF4628}.Release|Any CPU.Build.0 = Release|Any CPU
		{59A88AA8-806F-4D08-91EC-08C137D04305}.Debug|Any CPU.ActiveCfg = Debug|Any CPU
		{59A88AA8-806F-4D08-91EC-08C137D04305}.Debug|Any CPU.Build.0 = Debug|Any CPU
		{59A88AA8-806F-4D08-91EC-08C137D04305}.Release|Any CPU.ActiveCfg = Release|Any CPU
		{59A88AA8-806F-4D08-91EC-08C137D04305}.Release|Any CPU.Build.0 = Release|Any CPU
		{4268D205-73A3-4D81-823A-74730A816C3B}.Debug|Any CPU.ActiveCfg = Debug|Any CPU
		{4268D205-73A3-4D81-823A-74730A816C3B}.Debug|Any CPU.Build.0 = Debug|Any CPU
		{4268D205-73A3-4D81-823A-74730A816C3B}.Release|Any CPU.ActiveCfg = Release|Any CPU
		{4268D205-73A3-4D81-823A-74730A816C3B}.Release|Any CPU.Build.0 = Release|Any CPU
		{09ECFF04-D1FD-478A-A21D-F4C3D4D3E4A6}.Debug|Any CPU.ActiveCfg = Debug|Any CPU
		{09ECFF04-D1FD-478A-A21D-F4C3D4D3E4A6}.Debug|Any CPU.Build.0 = Debug|Any CPU
		{09ECFF04-D1FD-478A-A21D-F4C3D4D3E4A6}.Release|Any CPU.ActiveCfg = Release|Any CPU
		{09ECFF04-D1FD-478A-A21D-F4C3D4D3E4A6}.Release|Any CPU.Build.0 = Release|Any CPU
		{EF253730-EC70-4CB6-ACB4-8417849D7FD8}.Debug|Any CPU.ActiveCfg = Debug|Any CPU
		{EF253730-EC70-4CB6-ACB4-8417849D7FD8}.Debug|Any CPU.Build.0 = Debug|Any CPU
		{EF253730-EC70-4CB6-ACB4-8417849D7FD8}.Release|Any CPU.ActiveCfg = Release|Any CPU
		{EF253730-EC70-4CB6-ACB4-8417849D7FD8}.Release|Any CPU.Build.0 = Release|Any CPU
		{78A7D283-DF72-4A4F-9A19-79B64AC74CCA}.Debug|Any CPU.ActiveCfg = Debug|Any CPU
		{78A7D283-DF72-4A4F-9A19-79B64AC74CCA}.Debug|Any CPU.Build.0 = Debug|Any CPU
		{78A7D283-DF72-4A4F-9A19-79B64AC74CCA}.Release|Any CPU.ActiveCfg = Release|Any CPU
		{78A7D283-DF72-4A4F-9A19-79B64AC74CCA}.Release|Any CPU.Build.0 = Release|Any CPU
		{11AE0820-746C-4958-A565-3DD04A50476B}.Debug|Any CPU.ActiveCfg = Debug|Any CPU
		{11AE0820-746C-4958-A565-3DD04A50476B}.Debug|Any CPU.Build.0 = Debug|Any CPU
		{11AE0820-746C-4958-A565-3DD04A50476B}.Release|Any CPU.ActiveCfg = Release|Any CPU
		{11AE0820-746C-4958-A565-3DD04A50476B}.Release|Any CPU.Build.0 = Release|Any CPU
		{FFCFF93B-85DD-467F-9947-A03FC036DA91}.Debug|Any CPU.ActiveCfg = Debug|Any CPU
		{FFCFF93B-85DD-467F-9947-A03FC036DA91}.Debug|Any CPU.Build.0 = Debug|Any CPU
		{FFCFF93B-85DD-467F-9947-A03FC036DA91}.Release|Any CPU.ActiveCfg = Release|Any CPU
		{FFCFF93B-85DD-467F-9947-A03FC036DA91}.Release|Any CPU.Build.0 = Release|Any CPU
		{BC656E88-05B1-400D-A9EF-B6BC3DCBAAC0}.Debug|Any CPU.ActiveCfg = Debug|Any CPU
		{BC656E88-05B1-400D-A9EF-B6BC3DCBAAC0}.Debug|Any CPU.Build.0 = Debug|Any CPU
		{BC656E88-05B1-400D-A9EF-B6BC3DCBAAC0}.Release|Any CPU.ActiveCfg = Release|Any CPU
		{BC656E88-05B1-400D-A9EF-B6BC3DCBAAC0}.Release|Any CPU.Build.0 = Release|Any CPU
		{80BDC272-D7BB-41A0-82C0-AD440A595959}.Debug|Any CPU.ActiveCfg = Debug|Any CPU
		{80BDC272-D7BB-41A0-82C0-AD440A595959}.Debug|Any CPU.Build.0 = Debug|Any CPU
		{80BDC272-D7BB-41A0-82C0-AD440A595959}.Release|Any CPU.ActiveCfg = Release|Any CPU
		{80BDC272-D7BB-41A0-82C0-AD440A595959}.Release|Any CPU.Build.0 = Release|Any CPU
		{6BCA9BA6-CC93-4F6D-BE2B-CD65E3FAB32F}.Debug|Any CPU.ActiveCfg = Debug|Any CPU
		{6BCA9BA6-CC93-4F6D-BE2B-CD65E3FAB32F}.Debug|Any CPU.Build.0 = Debug|Any CPU
		{6BCA9BA6-CC93-4F6D-BE2B-CD65E3FAB32F}.Release|Any CPU.ActiveCfg = Release|Any CPU
		{6BCA9BA6-CC93-4F6D-BE2B-CD65E3FAB32F}.Release|Any CPU.Build.0 = Release|Any CPU
		{55166C89-F85D-4B47-A3DF-D9F7299D79B6}.Debug|Any CPU.ActiveCfg = Debug|Any CPU
		{55166C89-F85D-4B47-A3DF-D9F7299D79B6}.Debug|Any CPU.Build.0 = Debug|Any CPU
		{55166C89-F85D-4B47-A3DF-D9F7299D79B6}.Release|Any CPU.ActiveCfg = Release|Any CPU
		{55166C89-F85D-4B47-A3DF-D9F7299D79B6}.Release|Any CPU.Build.0 = Release|Any CPU
		{3C563BD0-B292-4340-A91E-F0F12717A141}.Debug|Any CPU.ActiveCfg = Debug|Any CPU
		{3C563BD0-B292-4340-A91E-F0F12717A141}.Debug|Any CPU.Build.0 = Debug|Any CPU
		{3C563BD0-B292-4340-A91E-F0F12717A141}.Release|Any CPU.ActiveCfg = Release|Any CPU
		{3C563BD0-B292-4340-A91E-F0F12717A141}.Release|Any CPU.Build.0 = Release|Any CPU
	EndGlobalSection
	GlobalSection(SolutionProperties) = preSolution
		HideSolutionNode = FALSE
	EndGlobalSection
	GlobalSection(NestedProjects) = preSolution
		{98B50EED-C8BC-4F48-BBDC-B8C95C25489C} = {F1CD53D0-8298-4480-9893-E19F794B9F57}
		{7177FC9D-B65B-41AE-93D6-FD47F63E29D0} = {98B50EED-C8BC-4F48-BBDC-B8C95C25489C}
		{6892005B-633B-48D1-BF1D-E62B6F5BBA41} = {F1CD53D0-8298-4480-9893-E19F794B9F57}
		{01658530-B281-4339-B700-A903084A3EE4} = {6892005B-633B-48D1-BF1D-E62B6F5BBA41}
		{651B5D78-35A1-4522-94A2-5CB121E5B141} = {F1CD53D0-8298-4480-9893-E19F794B9F57}
		{B362C0DB-B4CA-4499-8C2F-15EBAF02AE30} = {651B5D78-35A1-4522-94A2-5CB121E5B141}
		{67855117-0A0E-4F35-B5C3-234ADC7F2A75} = {651B5D78-35A1-4522-94A2-5CB121E5B141}
		{E0BAE6A6-6EAE-4DD7-9046-00FF72B12A36} = {651B5D78-35A1-4522-94A2-5CB121E5B141}
		{F617B7F6-4C74-4C92-A254-744AE722AB66} = {B362C0DB-B4CA-4499-8C2F-15EBAF02AE30}
		{06E79CBD-FD3B-4CAE-825C-455700DF4628} = {B362C0DB-B4CA-4499-8C2F-15EBAF02AE30}
		{59A88AA8-806F-4D08-91EC-08C137D04305} = {67855117-0A0E-4F35-B5C3-234ADC7F2A75}
		{4268D205-73A3-4D81-823A-74730A816C3B} = {E0BAE6A6-6EAE-4DD7-9046-00FF72B12A36}
		{09ECFF04-D1FD-478A-A21D-F4C3D4D3E4A6} = {194DDDFC-FCC7-4FA0-9D5E-793A189A3B8D}
		{E83EE1B2-0064-48FC-B46C-69144719097D} = {F1CD53D0-8298-4480-9893-E19F794B9F57}
		{EF253730-EC70-4CB6-ACB4-8417849D7FD8} = {E83EE1B2-0064-48FC-B46C-69144719097D}
		{78A7D283-DF72-4A4F-9A19-79B64AC74CCA} = {E83EE1B2-0064-48FC-B46C-69144719097D}
		{11AE0820-746C-4958-A565-3DD04A50476B} = {E83EE1B2-0064-48FC-B46C-69144719097D}
		{FFCFF93B-85DD-467F-9947-A03FC036DA91} = {E83EE1B2-0064-48FC-B46C-69144719097D}
		{BC656E88-05B1-400D-A9EF-B6BC3DCBAAC0} = {E83EE1B2-0064-48FC-B46C-69144719097D}
		{21CC9448-FEA8-4CC2-A74A-1A4D136BE4D1} = {F1CD53D0-8298-4480-9893-E19F794B9F57}
		{80BDC272-D7BB-41A0-82C0-AD440A595959} = {21CC9448-FEA8-4CC2-A74A-1A4D136BE4D1}
		{6BCA9BA6-CC93-4F6D-BE2B-CD65E3FAB32F} = {5EF1F9F9-4CDB-4336-AE96-FE60F64DA1D1}
		{55166C89-F85D-4B47-A3DF-D9F7299D79B6} = {5EF1F9F9-4CDB-4336-AE96-FE60F64DA1D1}
		{CBFAF503-519D-4474-8456-F0A4904C6FA5} = {F1CD53D0-8298-4480-9893-E19F794B9F57}
		{3C563BD0-B292-4340-A91E-F0F12717A141} = {CBFAF503-519D-4474-8456-F0A4904C6FA5}
	EndGlobalSection
	GlobalSection(ExtensibilityGlobals) = postSolution
		SolutionGuid = {92027A7F-4737-46FC-BFC6-05A50E8765ED}
	EndGlobalSection
EndGlobal
