
Microsoft Visual Studio Solution File, Format Version 12.00
# Visual Studio Version 17
VisualStudioVersion = 17.12.35707.178 d17.12
MinimumVisualStudioVersion = 10.0.40219.1
Project("{2150E333-8FDC-42A3-9474-1A3956D46DE8}") = "Services", "Services", "{DC18F86D-7740-49F1-B5BF-AAEDF250F025}"
EndProject
Project("{2150E333-8FDC-42A3-9474-1A3956D46DE8}") = "Catalog", "Catalog", "{C46D6048-53D9-4339-9959-D348EBC90486}"
EndProject
Project("{FAE04EC0-301F-11D3-BF4B-00C04F79EFBC}") = "MultiShop.Catalog", "Services\Catalog\MultiShop.Catalog\MultiShop.Catalog.csproj", "{C18B673F-439F-4500-94C2-E5692CE7ED11}"
EndProject
Global
	GlobalSection(SolutionConfigurationPlatforms) = preSolution
		Debug|Any CPU = Debug|Any CPU
		Release|Any CPU = Release|Any CPU
	EndGlobalSection
	GlobalSection(ProjectConfigurationPlatforms) = postSolution
		{C18B673F-439F-4500-94C2-E5692CE7ED11}.Debug|Any CPU.ActiveCfg = Debug|Any CPU
		{C18B673F-439F-4500-94C2-E5692CE7ED11}.Debug|Any CPU.Build.0 = Debug|Any CPU
		{C18B673F-439F-4500-94C2-E5692CE7ED11}.Release|Any CPU.ActiveCfg = Release|Any CPU
		{C18B673F-439F-4500-94C2-E5692CE7ED11}.Release|Any CPU.Build.0 = Release|Any CPU
	EndGlobalSection
	GlobalSection(SolutionProperties) = preSolution
		HideSolutionNode = FALSE
	EndGlobalSection
	GlobalSection(NestedProjects) = preSolution
		{C46D6048-53D9-4339-9959-D348EBC90486} = {DC18F86D-7740-49F1-B5BF-AAEDF250F025}
		{C18B673F-439F-4500-94C2-E5692CE7ED11} = {C46D6048-53D9-4339-9959-D348EBC90486}
	EndGlobalSection
EndGlobal
